// !$*UTF8*$!
{
	archiveVersion = 1;
	classes = {
	};
	objectVersion = 50;
	objects = {

/* Begin PBXBuildFile section */
		BFD81C96217B8AAC0049B5D4 /* main.swift in Sources */ = {isa = PBXBuildFile; fileRef = BFD81C95217B8AAC0049B5D4 /* main.swift */; };
		BFD81CA5217B8AD60049B5D4 /* Player.swift in Sources */ = {isa = PBXBuildFile; fileRef = BFD81C9C217B8AD50049B5D4 /* Player.swift */; };
		BFD81CA6217B8AD60049B5D4 /* Monster.swift in Sources */ = {isa = PBXBuildFile; fileRef = BFD81C9D217B8AD50049B5D4 /* Monster.swift */; };
		BFD81CA7217B8AD60049B5D4 /* Attack.swift in Sources */ = {isa = PBXBuildFile; fileRef = BFD81C9E217B8AD50049B5D4 /* Attack.swift */; };
		BFD81CA8217B8AD60049B5D4 /* Item.swift in Sources */ = {isa = PBXBuildFile; fileRef = BFD81C9F217B8AD50049B5D4 /* Item.swift */; };
		BFD81CA9217B8AD60049B5D4 /* Room.swift in Sources */ = {isa = PBXBuildFile; fileRef = BFD81CA0217B8AD50049B5D4 /* Room.swift */; };
		BFD81CAA217B8AD60049B5D4 /* Entity.swift in Sources */ = {isa = PBXBuildFile; fileRef = BFD81CA1217B8AD50049B5D4 /* Entity.swift */; };
		BFD81CAB217B8AD60049B5D4 /* Weapon.swift in Sources */ = {isa = PBXBuildFile; fileRef = BFD81CA2217B8AD60049B5D4 /* Weapon.swift */; };
		BFD81CAC217B8AD60049B5D4 /* Commads.swift in Sources */ = {isa = PBXBuildFile; fileRef = BFD81CA3217B8AD60049B5D4 /* Commads.swift */; };
		BFD81CAD217B8AD60049B5D4 /* Potion.swift in Sources */ = {isa = PBXBuildFile; fileRef = BFD81CA4217B8AD60049B5D4 /* Potion.swift */; };
/* End PBXBuildFile section */

/* Begin PBXCopyFilesBuildPhase section */
		BFD81C90217B8AAC0049B5D4 /* CopyFiles */ = {
			isa = PBXCopyFilesBuildPhase;
			buildActionMask = 2147483647;
			dstPath = /usr/share/man/man1/;
			dstSubfolderSpec = 0;
			files = (
			);
			runOnlyForDeploymentPostprocessing = 1;
		};
/* End PBXCopyFilesBuildPhase section */

/* Begin PBXFileReference section */
		BFD81C92217B8AAC0049B5D4 /* termina-base */ = {isa = PBXFileReference; explicitFileType = "compiled.mach-o.executable"; includeInIndex = 0; path = "termina-base"; sourceTree = BUILT_PRODUCTS_DIR; };
		BFD81C95217B8AAC0049B5D4 /* main.swift */ = {isa = PBXFileReference; lastKnownFileType = sourcecode.swift; path = main.swift; sourceTree = "<group>"; };
		BFD81C9C217B8AD50049B5D4 /* Player.swift */ = {isa = PBXFileReference; fileEncoding = 4; lastKnownFileType = sourcecode.swift; path = Player.swift; sourceTree = "<group>"; };
		BFD81C9D217B8AD50049B5D4 /* Monster.swift */ = {isa = PBXFileReference; fileEncoding = 4; lastKnownFileType = sourcecode.swift; path = Monster.swift; sourceTree = "<group>"; };
		BFD81C9E217B8AD50049B5D4 /* Attack.swift */ = {isa = PBXFileReference; fileEncoding = 4; lastKnownFileType = sourcecode.swift; path = Attack.swift; sourceTree = "<group>"; };
		BFD81C9F217B8AD50049B5D4 /* Item.swift */ = {isa = PBXFileReference; fileEncoding = 4; lastKnownFileType = sourcecode.swift; path = Item.swift; sourceTree = "<group>"; };
		BFD81CA0217B8AD50049B5D4 /* Room.swift */ = {isa = PBXFileReference; fileEncoding = 4; lastKnownFileType = sourcecode.swift; path = Room.swift; sourceTree = "<group>"; };
		BFD81CA1217B8AD50049B5D4 /* Entity.swift */ = {isa = PBXFileReference; fileEncoding = 4; lastKnownFileType = sourcecode.swift; path = Entity.swift; sourceTree = "<group>"; };
		BFD81CA2217B8AD60049B5D4 /* Weapon.swift */ = {isa = PBXFileReference; fileEncoding = 4; lastKnownFileType = sourcecode.swift; path = Weapon.swift; sourceTree = "<group>"; };
		BFD81CA3217B8AD60049B5D4 /* Commads.swift */ = {isa = PBXFileReference; fileEncoding = 4; lastKnownFileType = sourcecode.swift; path = Commads.swift; sourceTree = "<group>"; };
		BFD81CA4217B8AD60049B5D4 /* Potion.swift */ = {isa = PBXFileReference; fileEncoding = 4; lastKnownFileType = sourcecode.swift; path = Potion.swift; sourceTree = "<group>"; };
/* End PBXFileReference section */

/* Begin PBXFrameworksBuildPhase section */
		BFD81C8F217B8AAC0049B5D4 /* Frameworks */ = {
			isa = PBXFrameworksBuildPhase;
			buildActionMask = 2147483647;
			files = (
			);
			runOnlyForDeploymentPostprocessing = 0;
		};
/* End PBXFrameworksBuildPhase section */

/* Begin PBXGroup section */
		BFD81C89217B8AAC0049B5D4 = {
			isa = PBXGroup;
			children = (
				BFD81C94217B8AAC0049B5D4 /* termina-base */,
				BFD81C93217B8AAC0049B5D4 /* Products */,
			);
			sourceTree = "<group>";
		};
		BFD81C93217B8AAC0049B5D4 /* Products */ = {
			isa = PBXGroup;
			children = (
				BFD81C92217B8AAC0049B5D4 /* termina-base */,
			);
			name = Products;
			sourceTree = "<group>";
		};
		BFD81C94217B8AAC0049B5D4 /* termina-base */ = {
			isa = PBXGroup;
			children = (
				BFD81C9E217B8AD50049B5D4 /* Attack.swift */,
				BFD81CA3217B8AD60049B5D4 /* Commads.swift */,
				BFD81CA1217B8AD50049B5D4 /* Entity.swift */,
				BFD81C9F217B8AD50049B5D4 /* Item.swift */,
				BFD81C9D217B8AD50049B5D4 /* Monster.swift */,
				BFD81C9C217B8AD50049B5D4 /* Player.swift */,
				BFD81CA4217B8AD60049B5D4 /* Potion.swift */,
				BFD81CA0217B8AD50049B5D4 /* Room.swift */,
				BFD81CA2217B8AD60049B5D4 /* Weapon.swift */,
				BFD81C95217B8AAC0049B5D4 /* main.swift */,
			);
			path = "termina-base";
			sourceTree = "<group>";
		};
/* End PBXGroup section */

/* Begin PBXNativeTarget section */
		BFD81C91217B8AAC0049B5D4 /* termina-base */ = {
			isa = PBXNativeTarget;
			buildConfigurationList = BFD81C99217B8AAC0049B5D4 /* Build configuration list for PBXNativeTarget "termina-base" */;
			buildPhases = (
				BFD81C8E217B8AAC0049B5D4 /* Sources */,
				BFD81C8F217B8AAC0049B5D4 /* Frameworks */,
				BFD81C90217B8AAC0049B5D4 /* CopyFiles */,
			);
			buildRules = (
			);
			dependencies = (
			);
			name = "termina-base";
			productName = "termina-base";
			productReference = BFD81C92217B8AAC0049B5D4 /* termina-base */;
			productType = "com.apple.product-type.tool";
		};
/* End PBXNativeTarget section */

/* Begin PBXProject section */
		BFD81C8A217B8AAC0049B5D4 /* Project object */ = {
			isa = PBXProject;
			attributes = {
				LastSwiftUpdateCheck = 1000;
				LastUpgradeCheck = 1000;
				ORGANIZATIONNAME = "Marquis Kurt";
				TargetAttributes = {
					BFD81C91217B8AAC0049B5D4 = {
						CreatedOnToolsVersion = 10.0;
					};
				};
			};
			buildConfigurationList = BFD81C8D217B8AAC0049B5D4 /* Build configuration list for PBXProject "termina-base" */;
			compatibilityVersion = "Xcode 9.3";
			developmentRegion = en;
			hasScannedForEncodings = 0;
			knownRegions = (
				en,
			);
			mainGroup = BFD81C89217B8AAC0049B5D4;
			productRefGroup = BFD81C93217B8AAC0049B5D4 /* Products */;
			projectDirPath = "";
			projectRoot = "";
			targets = (
				BFD81C91217B8AAC0049B5D4 /* termina-base */,
			);
		};
/* End PBXProject section */

/* Begin PBXSourcesBuildPhase section */
		BFD81C8E217B8AAC0049B5D4 /* Sources */ = {
			isa = PBXSourcesBuildPhase;
			buildActionMask = 2147483647;
			files = (
				BFD81CA8217B8AD60049B5D4 /* Item.swift in Sources */,
				BFD81CAB217B8AD60049B5D4 /* Weapon.swift in Sources */,
				BFD81CA5217B8AD60049B5D4 /* Player.swift in Sources */,
				BFD81CAA217B8AD60049B5D4 /* Entity.swift in Sources */,
				BFD81CAD217B8AD60049B5D4 /* Potion.swift in Sources */,
				BFD81CAC217B8AD60049B5D4 /* Commads.swift in Sources */,
				BFD81CA9217B8AD60049B5D4 /* Room.swift in Sources */,
				BFD81CA6217B8AD60049B5D4 /* Monster.swift in Sources */,
				BFD81C96217B8AAC0049B5D4 /* main.swift in Sources */,
				BFD81CA7217B8AD60049B5D4 /* Attack.swift in Sources */,
			);
			runOnlyForDeploymentPostprocessing = 0;
		};
/* End PBXSourcesBuildPhase section */

/* Begin XCBuildConfiguration section */
		BFD81C97217B8AAC0049B5D4 /* Debug */ = {
			isa = XCBuildConfiguration;
			buildSettings = {
				ALWAYS_SEARCH_USER_PATHS = NO;
				CLANG_ANALYZER_NONNULL = YES;
				CLANG_ANALYZER_NUMBER_OBJECT_CONVERSION = YES_AGGRESSIVE;
				CLANG_CXX_LANGUAGE_STANDARD = "gnu++14";
				CLANG_CXX_LIBRARY = "libc++";
				CLANG_ENABLE_MODULES = YES;
				CLANG_ENABLE_OBJC_ARC = YES;
				CLANG_ENABLE_OBJC_WEAK = YES;
				CLANG_WARN_BLOCK_CAPTURE_AUTORELEASING = YES;
				CLANG_WARN_BOOL_CONVERSION = YES;
				CLANG_WARN_COMMA = YES;
				CLANG_WARN_CONSTANT_CONVERSION = YES;
				CLANG_WARN_DEPRECATED_OBJC_IMPLEMENTATIONS = YES;
				CLANG_WARN_DIRECT_OBJC_ISA_USAGE = YES_ERROR;
				CLANG_WARN_DOCUMENTATION_COMMENTS = YES;
				CLANG_WARN_EMPTY_BODY = YES;
				CLANG_WARN_ENUM_CONVERSION = YES;
				CLANG_WARN_INFINITE_RECURSION = YES;
				CLANG_WARN_INT_CONVERSION = YES;
				CLANG_WARN_NON_LITERAL_NULL_CONVERSION = YES;
				CLANG_WARN_OBJC_IMPLICIT_RETAIN_SELF = YES;
				CLANG_WARN_OBJC_LITERAL_CONVERSION = YES;
				CLANG_WARN_OBJC_ROOT_CLASS = YES_ERROR;
				CLANG_WARN_RANGE_LOOP_ANALYSIS = YES;
				CLANG_WARN_STRICT_PROTOTYPES = YES;
				CLANG_WARN_SUSPICIOUS_MOVE = YES;
				CLANG_WARN_UNGUARDED_AVAILABILITY = YES_AGGRESSIVE;
				CLANG_WARN_UNREACHABLE_CODE = YES;
				CLANG_WARN__DUPLICATE_METHOD_MATCH = YES;
				CODE_SIGN_IDENTITY = "Mac Developer";
				COPY_PHASE_STRIP = NO;
				DEBUG_INFORMATION_FORMAT = dwarf;
				ENABLE_STRICT_OBJC_MSGSEND = YES;
				ENABLE_TESTABILITY = YES;
				GCC_C_LANGUAGE_STANDARD = gnu11;
				GCC_DYNAMIC_NO_PIC = NO;
				GCC_NO_COMMON_BLOCKS = YES;
				GCC_OPTIMIZATION_LEVEL = 0;
				GCC_PREPROCESSOR_DEFINITIONS = (
					"DEBUG=1",
					"$(inherited)",
				);
				GCC_WARN_64_TO_32_BIT_CONVERSION = YES;
				GCC_WARN_ABOUT_RETURN_TYPE = YES_ERROR;
				GCC_WARN_UNDECLARED_SELECTOR = YES;
				GCC_WARN_UNINITIALIZED_AUTOS = YES_AGGRESSIVE;
				GCC_WARN_UNUSED_FUNCTION = YES;
				GCC_WARN_UNUSED_VARIABLE = YES;
				MACOSX_DEPLOYMENT_TARGET = 10.14;
				MTL_ENABLE_DEBUG_INFO = INCLUDE_SOURCE;
				MTL_FAST_MATH = YES;
				ONLY_ACTIVE_ARCH = YES;
				SDKROOT = macosx;
				SWIFT_ACTIVE_COMPILATION_CONDITIONS = DEBUG;
				SWIFT_OPTIMIZATION_LEVEL = "-Onone";
			};
			name = Debug;
		};
		BFD81C98217B8AAC0049B5D4 /* Release */ = {
			isa = XCBuildConfiguration;
			buildSettings = {
				ALWAYS_SEARCH_USER_PATHS = NO;
				CLANG_ANALYZER_NONNULL = YES;
				CLANG_ANALYZER_NUMBER_OBJECT_CONVERSION = YES_AGGRESSIVE;
				CLANG_CXX_LANGUAGE_STANDARD = "gnu++14";
				CLANG_CXX_LIBRARY = "libc++";
				CLANG_ENABLE_MODULES = YES;
				CLANG_ENABLE_OBJC_ARC = YES;
				CLANG_ENABLE_OBJC_WEAK = YES;
				CLANG_WARN_BLOCK_CAPTURE_AUTORELEASING = YES;
				CLANG_WARN_BOOL_CONVERSION = YES;
				CLANG_WARN_COMMA = YES;
				CLANG_WARN_CONSTANT_CONVERSION = YES;
				CLANG_WARN_DEPRECATED_OBJC_IMPLEMENTATIONS = YES;
				CLANG_WARN_DIRECT_OBJC_ISA_USAGE = YES_ERROR;
				CLANG_WARN_DOCUMENTATION_COMMENTS = YES;
				CLANG_WARN_EMPTY_BODY = YES;
				CLANG_WARN_ENUM_CONVERSION = YES;
				CLANG_WARN_INFINITE_RECURSION = YES;
				CLANG_WARN_INT_CONVERSION = YES;
				CLANG_WARN_NON_LITERAL_NULL_CONVERSION = YES;
				CLANG_WARN_OBJC_IMPLICIT_RETAIN_SELF = YES;
				CLANG_WARN_OBJC_LITERAL_CONVERSION = YES;
				CLANG_WARN_OBJC_ROOT_CLASS = YES_ERROR;
				CLANG_WARN_RANGE_LOOP_ANALYSIS = YES;
				CLANG_WARN_STRICT_PROTOTYPES = YES;
				CLANG_WARN_SUSPICIOUS_MOVE = YES;
				CLANG_WARN_UNGUARDED_AVAILABILITY = YES_AGGRESSIVE;
				CLANG_WARN_UNREACHABLE_CODE = YES;
				CLANG_WARN__DUPLICATE_METHOD_MATCH = YES;
				CODE_SIGN_IDENTITY = "Mac Developer";
				COPY_PHASE_STRIP = NO;
				DEBUG_INFORMATION_FORMAT = "dwarf-with-dsym";
				ENABLE_NS_ASSERTIONS = NO;
				ENABLE_STRICT_OBJC_MSGSEND = YES;
				GCC_C_LANGUAGE_STANDARD = gnu11;
				GCC_NO_COMMON_BLOCKS = YES;
				GCC_WARN_64_TO_32_BIT_CONVERSION = YES;
				GCC_WARN_ABOUT_RETURN_TYPE = YES_ERROR;
				GCC_WARN_UNDECLARED_SELECTOR = YES;
				GCC_WARN_UNINITIALIZED_AUTOS = YES_AGGRESSIVE;
				GCC_WARN_UNUSED_FUNCTION = YES;
				GCC_WARN_UNUSED_VARIABLE = YES;
				MACOSX_DEPLOYMENT_TARGET = 10.14;
				MTL_ENABLE_DEBUG_INFO = NO;
				MTL_FAST_MATH = YES;
				SDKROOT = macosx;
				SWIFT_COMPILATION_MODE = wholemodule;
				SWIFT_OPTIMIZATION_LEVEL = "-O";
			};
			name = Release;
		};
		BFD81C9A217B8AAC0049B5D4 /* Debug */ = {
			isa = XCBuildConfiguration;
			buildSettings = {
				CODE_SIGN_STYLE = Automatic;
				DEVELOPMENT_TEAM = FQQXSP79X3;
				PRODUCT_NAME = "$(TARGET_NAME)";
				SWIFT_VERSION = 4.2;
			};
			name = Debug;
		};
		BFD81C9B217B8AAC0049B5D4 /* Release */ = {
			isa = XCBuildConfiguration;
			buildSettings = {
				CODE_SIGN_STYLE = Automatic;
				DEVELOPMENT_TEAM = FQQXSP79X3;
				PRODUCT_NAME = "$(TARGET_NAME)";
				SWIFT_VERSION = 4.2;
			};
			name = Release;
		};
/* End XCBuildConfiguration section */

/* Begin XCConfigurationList section */
		BFD81C8D217B8AAC0049B5D4 /* Build configuration list for PBXProject "termina-base" */ = {
			isa = XCConfigurationList;
			buildConfigurations = (
				BFD81C97217B8AAC0049B5D4 /* Debug */,
				BFD81C98217B8AAC0049B5D4 /* Release */,
			);
			defaultConfigurationIsVisible = 0;
			defaultConfigurationName = Release;
		};
		BFD81C99217B8AAC0049B5D4 /* Build configuration list for PBXNativeTarget "termina-base" */ = {
			isa = XCConfigurationList;
			buildConfigurations = (
				BFD81C9A217B8AAC0049B5D4 /* Debug */,
				BFD81C9B217B8AAC0049B5D4 /* Release */,
			);
			defaultConfigurationIsVisible = 0;
			defaultConfigurationName = Release;
		};
/* End XCConfigurationList section */
	};
	rootObject = BFD81C8A217B8AAC0049B5D4 /* Project object */;
}
